
Microsoft Visual Studio Solution File, Format Version 12.00
# Visual Studio 15
VisualStudioVersion = 15.0.27703.2000
MinimumVisualStudioVersion = 10.0.40219.1
Project("{FAE04EC0-301F-11D3-BF4B-00C04F79EFBC}") = "CNGPI_PayBox", "CNGPI_PayBox\CNGPI_PayBox.csproj", "{3ACCF18F-A659-41A3-A04A-8EE6299E17DF}"
EndProject
Project("{FAE04EC0-301F-11D3-BF4B-00C04F79EFBC}") = "CNGPI", "CNGPI\CNGPI.csproj", "{F4F84B82-2C2F-4036-865A-25D89A542C32}"
EndProject
Project("{FAE04EC0-301F-11D3-BF4B-00C04F79EFBC}") = "CNGPI_GameMachine", "CNGPI_GameMachine\CNGPI_GameMachine.csproj", "{DBA4CE17-39FD-48FB-BEC4-A2072AA2C5CB}"
EndProject
Global
	GlobalSection(SolutionConfigurationPlatforms) = preSolution
		Debug|Any CPU = Debug|Any CPU
		Release|Any CPU = Release|Any CPU
	EndGlobalSection
	GlobalSection(ProjectConfigurationPlatforms) = postSolution
		{3ACCF18F-A659-41A3-A04A-8EE6299E17DF}.Debug|Any CPU.ActiveCfg = Debug|Any CPU
		{3ACCF18F-A659-41A3-A04A-8EE6299E17DF}.Debug|Any CPU.Build.0 = Debug|Any CPU
		{3ACCF18F-A659-41A3-A04A-8EE6299E17DF}.Release|Any CPU.ActiveCfg = Release|Any CPU
		{3ACCF18F-A659-41A3-A04A-8EE6299E17DF}.Release|Any CPU.Build.0 = Release|Any CPU
		{F4F84B82-2C2F-4036-865A-25D89A542C32}.Debug|Any CPU.ActiveCfg = Debug|Any CPU
		{F4F84B82-2C2F-4036-865A-25D89A542C32}.Debug|Any CPU.Build.0 = Debug|Any CPU
		{F4F84B82-2C2F-4036-865A-25D89A542C32}.Release|Any CPU.ActiveCfg = Release|Any CPU
		{F4F84B82-2C2F-4036-865A-25D89A542C32}.Release|Any CPU.Build.0 = Release|Any CPU
		{DBA4CE17-39FD-48FB-BEC4-A2072AA2C5CB}.Debug|Any CPU.ActiveCfg = Debug|Any CPU
		{DBA4CE17-39FD-48FB-BEC4-A2072AA2C5CB}.Debug|Any CPU.Build.0 = Debug|Any CPU
		{DBA4CE17-39FD-48FB-BEC4-A2072AA2C5CB}.Release|Any CPU.ActiveCfg = Release|Any CPU
		{DBA4CE17-39FD-48FB-BEC4-A2072AA2C5CB}.Release|Any CPU.Build.0 = Release|Any CPU
	EndGlobalSection
	GlobalSection(SolutionProperties) = preSolution
		HideSolutionNode = FALSE
	EndGlobalSection
	GlobalSection(ExtensibilityGlobals) = postSolution
		SolutionGuid = {FF63AE98-3C92-40BA-8DBF-0D6417B0BDAF}
	EndGlobalSection
EndGlobal
